
Microsoft Visual Studio Solution File, Format Version 12.00
# Visual Studio Version 16
VisualStudioVersion = 16.0.29009.5
MinimumVisualStudioVersion = 10.0.40219.1
Project("{8BC9CEB8-8B4A-11D0-8D11-00A0C91BC942}") = "Project-0", "Project-0.vcxproj", "{6D065AA5-7F4E-4E32-827D-C80D5D367E4D}"
EndProject
Global
	GlobalSection(SolutionConfigurationPlatforms) = preSolution
		Debug|x64 = Debug|x64
		Debug|x86 = Debug|x86
		Release|x64 = Release|x64
		Release|x86 = Release|x86
	EndGlobalSection
	GlobalSection(ProjectConfigurationPlatforms) = postSolution
		{6D065AA5-7F4E-4E32-827D-C80D5D367E4D}.Debug|x64.ActiveCfg = Debug|x64
		{6D065AA5-7F4E-4E32-827D-C80D5D367E4D}.Debug|x64.Build.0 = Debug|x64
		{6D065AA5-7F4E-4E32-827D-C80D5D367E4D}.Debug|x86.ActiveCfg = Debug|Win32
		{6D065AA5-7F4E-4E32-827D-C80D5D367E4D}.Debug|x86.Build.0 = Debug|Win32
		{6D065AA5-7F4E-4E32-827D-C80D5D367E4D}.Release|x64.ActiveCfg = Release|x64
		{6D065AA5-7F4E-4E32-827D-C80D5D367E4D}.Release|x64.Build.0 = Release|x64
		{6D065AA5-7F4E-4E32-827D-C80D5D367E4D}.Release|x86.ActiveCfg = Release|Win32
		{6D065AA5-7F4E-4E32-827D-C80D5D367E4D}.Release|x86.Build.0 = Release|Win32
	EndGlobalSection
	GlobalSection(SolutionProperties) = preSolution
		HideSolutionNode = FALSE
	EndGlobalSection
	GlobalSection(ExtensibilityGlobals) = postSolution
		SolutionGuid = {79963C2D-05E1-4E59-AF85-83D85381BC5B}
	EndGlobalSection
EndGlobal
